
Microsoft Visual Studio Solution File, Format Version 12.00
# Visual Studio Version 17
VisualStudioVersion = 17.6.33815.320
MinimumVisualStudioVersion = 10.0.40219.1
Project("{F2A71F9B-5D33-465A-A702-920D77279786}") = "AvaloniaMusicStore", "AvaloniaMusicStore\AvaloniaMusicStore.fsproj", "{2EBB3772-A0B0-45AA-B2DC-19C1AE75CFAC}"
EndProject
Global
	GlobalSection(SolutionConfigurationPlatforms) = preSolution
		Debug|Any CPU = Debug|Any CPU
		Release|Any CPU = Release|Any CPU
	EndGlobalSection
	GlobalSection(ProjectConfigurationPlatforms) = postSolution
		{2EBB3772-A0B0-45AA-B2DC-19C1AE75CFAC}.Debug|Any CPU.ActiveCfg = Debug|Any CPU
		{2EBB3772-A0B0-45AA-B2DC-19C1AE75CFAC}.Debug|Any CPU.Build.0 = Debug|Any CPU
		{2EBB3772-A0B0-45AA-B2DC-19C1AE75CFAC}.Release|Any CPU.ActiveCfg = Release|Any CPU
		{2EBB3772-A0B0-45AA-B2DC-19C1AE75CFAC}.Release|Any CPU.Build.0 = Release|Any CPU
	EndGlobalSection
	GlobalSection(SolutionProperties) = preSolution
		HideSolutionNode = FALSE
	EndGlobalSection
	GlobalSection(ExtensibilityGlobals) = postSolution
		SolutionGuid = {EF58B262-3EFC-449E-B0B3-EEF3DF2C3A1D}
	EndGlobalSection
EndGlobal
